
Microsoft Visual Studio Solution File, Format Version 12.00
# Visual Studio Version 17
VisualStudioVersion = 17.9.34728.123
MinimumVisualStudioVersion = 10.0.40219.1
Project("{9A19103F-16F7-4668-BE54-9A1E7A4F7556}") = "ToolMonitoringServices", "ToolMonitoringServices\ToolMonitoringServices.csproj", "{9C145C7E-92F3-416E-8411-F519A3709E1B}"
EndProject
Project("{FAE04EC0-301F-11D3-BF4B-00C04F79EFBC}") = "ToolTesting", "ToolTesting\ToolTesting.csproj", "{4FF0BA4E-C40F-4242-8DD8-0F0F1930A4A5}"
EndProject
Global
	GlobalSection(SolutionConfigurationPlatforms) = preSolution
		Debug|Any CPU = Debug|Any CPU
		Release|Any CPU = Release|Any CPU
	EndGlobalSection
	GlobalSection(ProjectConfigurationPlatforms) = postSolution
		{9C145C7E-92F3-416E-8411-F519A3709E1B}.Debug|Any CPU.ActiveCfg = Debug|Any CPU
		{9C145C7E-92F3-416E-8411-F519A3709E1B}.Debug|Any CPU.Build.0 = Debug|Any CPU
		{9C145C7E-92F3-416E-8411-F519A3709E1B}.Release|Any CPU.ActiveCfg = Release|Any CPU
		{9C145C7E-92F3-416E-8411-F519A3709E1B}.Release|Any CPU.Build.0 = Release|Any CPU
		{4FF0BA4E-C40F-4242-8DD8-0F0F1930A4A5}.Debug|Any CPU.ActiveCfg = Debug|Any CPU
		{4FF0BA4E-C40F-4242-8DD8-0F0F1930A4A5}.Debug|Any CPU.Build.0 = Debug|Any CPU
		{4FF0BA4E-C40F-4242-8DD8-0F0F1930A4A5}.Release|Any CPU.ActiveCfg = Release|Any CPU
		{4FF0BA4E-C40F-4242-8DD8-0F0F1930A4A5}.Release|Any CPU.Build.0 = Release|Any CPU
	EndGlobalSection
	GlobalSection(SolutionProperties) = preSolution
		HideSolutionNode = FALSE
	EndGlobalSection
	GlobalSection(ExtensibilityGlobals) = postSolution
		SolutionGuid = {E7E8D234-20F2-4284-8161-EB0371C1B98C}
	EndGlobalSection
EndGlobal
